
Microsoft Visual Studio Solution File, Format Version 12.00
# Visual Studio Version 16
VisualStudioVersion = 16.0.30621.155
MinimumVisualStudioVersion = 10.0.40219.1
Project("{9A19103F-16F7-4668-BE54-9A1E7A4F7556}") = "Playground.Forms", "Forms\Playground.Forms\Playground.Forms.csproj", "{7938CF54-B8F3-4C1C-A88E-F7FDDD533BF9}"
EndProject
Project("{FAE04EC0-301F-11D3-BF4B-00C04F79EFBC}") = "Playground.Forms.Android", "Forms\Playground.Forms.Android\Playground.Forms.Android.csproj", "{095F2308-FEF5-4E0D-981F-FA7E8920624C}"
EndProject
Project("{FAE04EC0-301F-11D3-BF4B-00C04F79EFBC}") = "Playground.Forms.iOS", "Forms\Playground.Forms.iOS\Playground.Forms.iOS.csproj", "{A514BB00-A16C-4C2A-822A-2827D5769DF1}"
EndProject
Project("{2150E333-8FDC-42A3-9474-1A3956D46DE8}") = ".nuget", ".nuget", "{B50DAA12-8D69-441A-8AA4-F098B9977587}"
	ProjectSection(SolutionItems) = preProject
		NuGet.config = NuGet.config
	EndProjectSection
EndProject
Project("{FAE04EC0-301F-11D3-BF4B-00C04F79EFBC}") = "Playground.Forms.UWP", "Forms\Playground.Forms.UWP\Playground.Forms.UWP.csproj", "{C44A8B5A-C30F-43E7-B9E7-D1A8CDB7321B}"
EndProject
Project("{2150E333-8FDC-42A3-9474-1A3956D46DE8}") = "Forms", "Forms", "{D8704D36-C117-498E-83B7-C3D3039C3A17}"
EndProject
Global
	GlobalSection(SolutionConfigurationPlatforms) = preSolution
		Ad-Hoc|Any CPU = Ad-Hoc|Any CPU
		Ad-Hoc|ARM = Ad-Hoc|ARM
		Ad-Hoc|ARM64 = Ad-Hoc|ARM64
		Ad-Hoc|iPhone = Ad-Hoc|iPhone
		Ad-Hoc|iPhoneSimulator = Ad-Hoc|iPhoneSimulator
		Ad-Hoc|x64 = Ad-Hoc|x64
		Ad-Hoc|x86 = Ad-Hoc|x86
		AppStore|Any CPU = AppStore|Any CPU
		AppStore|ARM = AppStore|ARM
		AppStore|ARM64 = AppStore|ARM64
		AppStore|iPhone = AppStore|iPhone
		AppStore|iPhoneSimulator = AppStore|iPhoneSimulator
		AppStore|x64 = AppStore|x64
		AppStore|x86 = AppStore|x86
		Debug|Any CPU = Debug|Any CPU
		Debug|ARM = Debug|ARM
		Debug|ARM64 = Debug|ARM64
		Debug|iPhone = Debug|iPhone
		Debug|iPhoneSimulator = Debug|iPhoneSimulator
		Debug|x64 = Debug|x64
		Debug|x86 = Debug|x86
		Release|Any CPU = Release|Any CPU
		Release|ARM = Release|ARM
		Release|ARM64 = Release|ARM64
		Release|iPhone = Release|iPhone
		Release|iPhoneSimulator = Release|iPhoneSimulator
		Release|x64 = Release|x64
		Release|x86 = Release|x86
	EndGlobalSection
	GlobalSection(ProjectConfigurationPlatforms) = postSolution
		{7938CF54-B8F3-4C1C-A88E-F7FDDD533BF9}.Ad-Hoc|Any CPU.ActiveCfg = Release|Any CPU
		{7938CF54-B8F3-4C1C-A88E-F7FDDD533BF9}.Ad-Hoc|Any CPU.Build.0 = Release|Any CPU
		{7938CF54-B8F3-4C1C-A88E-F7FDDD533BF9}.Ad-Hoc|ARM.ActiveCfg = Debug|Any CPU
		{7938CF54-B8F3-4C1C-A88E-F7FDDD533BF9}.Ad-Hoc|ARM.Build.0 = Debug|Any CPU
		{7938CF54-B8F3-4C1C-A88E-F7FDDD533BF9}.Ad-Hoc|ARM64.ActiveCfg = Debug|Any CPU
		{7938CF54-B8F3-4C1C-A88E-F7FDDD533BF9}.Ad-Hoc|ARM64.Build.0 = Debug|Any CPU
		{7938CF54-B8F3-4C1C-A88E-F7FDDD533BF9}.Ad-Hoc|iPhone.ActiveCfg = Release|Any CPU
		{7938CF54-B8F3-4C1C-A88E-F7FDDD533BF9}.Ad-Hoc|iPhone.Build.0 = Release|Any CPU
		{7938CF54-B8F3-4C1C-A88E-F7FDDD533BF9}.Ad-Hoc|iPhoneSimulator.ActiveCfg = Release|Any CPU
		{7938CF54-B8F3-4C1C-A88E-F7FDDD533BF9}.Ad-Hoc|iPhoneSimulator.Build.0 = Release|Any CPU
		{7938CF54-B8F3-4C1C-A88E-F7FDDD533BF9}.Ad-Hoc|x64.ActiveCfg = Debug|Any CPU
		{7938CF54-B8F3-4C1C-A88E-F7FDDD533BF9}.Ad-Hoc|x64.Build.0 = Debug|Any CPU
		{7938CF54-B8F3-4C1C-A88E-F7FDDD533BF9}.Ad-Hoc|x86.ActiveCfg = Debug|Any CPU
		{7938CF54-B8F3-4C1C-A88E-F7FDDD533BF9}.Ad-Hoc|x86.Build.0 = Debug|Any CPU
		{7938CF54-B8F3-4C1C-A88E-F7FDDD533BF9}.AppStore|Any CPU.ActiveCfg = Release|Any CPU
		{7938CF54-B8F3-4C1C-A88E-F7FDDD533BF9}.AppStore|Any CPU.Build.0 = Release|Any CPU
		{7938CF54-B8F3-4C1C-A88E-F7FDDD533BF9}.AppStore|ARM.ActiveCfg = Debug|Any CPU
		{7938CF54-B8F3-4C1C-A88E-F7FDDD533BF9}.AppStore|ARM.Build.0 = Debug|Any CPU
		{7938CF54-B8F3-4C1C-A88E-F7FDDD533BF9}.AppStore|ARM64.ActiveCfg = Debug|Any CPU
		{7938CF54-B8F3-4C1C-A88E-F7FDDD533BF9}.AppStore|ARM64.Build.0 = Debug|Any CPU
		{7938CF54-B8F3-4C1C-A88E-F7FDDD533BF9}.AppStore|iPhone.ActiveCfg = Release|Any CPU
		{7938CF54-B8F3-4C1C-A88E-F7FDDD533BF9}.AppStore|iPhone.Build.0 = Release|Any CPU
		{7938CF54-B8F3-4C1C-A88E-F7FDDD533BF9}.AppStore|iPhoneSimulator.ActiveCfg = Release|Any CPU
		{7938CF54-B8F3-4C1C-A88E-F7FDDD533BF9}.AppStore|iPhoneSimulator.Build.0 = Release|Any CPU
		{7938CF54-B8F3-4C1C-A88E-F7FDDD533BF9}.AppStore|x64.ActiveCfg = Debug|Any CPU
		{7938CF54-B8F3-4C1C-A88E-F7FDDD533BF9}.AppStore|x64.Build.0 = Debug|Any CPU
		{7938CF54-B8F3-4C1C-A88E-F7FDDD533BF9}.AppStore|x86.ActiveCfg = Debug|Any CPU
		{7938CF54-B8F3-4C1C-A88E-F7FDDD533BF9}.AppStore|x86.Build.0 = Debug|Any CPU
		{7938CF54-B8F3-4C1C-A88E-F7FDDD533BF9}.Debug|Any CPU.ActiveCfg = Debug|Any CPU
		{7938CF54-B8F3-4C1C-A88E-F7FDDD533BF9}.Debug|Any CPU.Build.0 = Debug|Any CPU
		{7938CF54-B8F3-4C1C-A88E-F7FDDD533BF9}.Debug|ARM.ActiveCfg = Debug|Any CPU
		{7938CF54-B8F3-4C1C-A88E-F7FDDD533BF9}.Debug|ARM.Build.0 = Debug|Any CPU
		{7938CF54-B8F3-4C1C-A88E-F7FDDD533BF9}.Debug|ARM64.ActiveCfg = Debug|Any CPU
		{7938CF54-B8F3-4C1C-A88E-F7FDDD533BF9}.Debug|ARM64.Build.0 = Debug|Any CPU
		{7938CF54-B8F3-4C1C-A88E-F7FDDD533BF9}.Debug|iPhone.ActiveCfg = Debug|Any CPU
		{7938CF54-B8F3-4C1C-A88E-F7FDDD533BF9}.Debug|iPhone.Build.0 = Debug|Any CPU
		{7938CF54-B8F3-4C1C-A88E-F7FDDD533BF9}.Debug|iPhoneSimulator.ActiveCfg = Debug|Any CPU
		{7938CF54-B8F3-4C1C-A88E-F7FDDD533BF9}.Debug|iPhoneSimulator.Build.0 = Debug|Any CPU
		{7938CF54-B8F3-4C1C-A88E-F7FDDD533BF9}.Debug|x64.ActiveCfg = Debug|Any CPU
		{7938CF54-B8F3-4C1C-A88E-F7FDDD533BF9}.Debug|x64.Build.0 = Debug|Any CPU
		{7938CF54-B8F3-4C1C-A88E-F7FDDD533BF9}.Debug|x86.ActiveCfg = Debug|Any CPU
		{7938CF54-B8F3-4C1C-A88E-F7FDDD533BF9}.Debug|x86.Build.0 = Debug|Any CPU
		{7938CF54-B8F3-4C1C-A88E-F7FDDD533BF9}.Release|Any CPU.ActiveCfg = Release|Any CPU
		{7938CF54-B8F3-4C1C-A88E-F7FDDD533BF9}.Release|Any CPU.Build.0 = Release|Any CPU
		{7938CF54-B8F3-4C1C-A88E-F7FDDD533BF9}.Release|ARM.ActiveCfg = Release|Any CPU
		{7938CF54-B8F3-4C1C-A88E-F7FDDD533BF9}.Release|ARM.Build.0 = Release|Any CPU
		{7938CF54-B8F3-4C1C-A88E-F7FDDD533BF9}.Release|ARM64.ActiveCfg = Release|Any CPU
		{7938CF54-B8F3-4C1C-A88E-F7FDDD533BF9}.Release|ARM64.Build.0 = Release|Any CPU
		{7938CF54-B8F3-4C1C-A88E-F7FDDD533BF9}.Release|iPhone.ActiveCfg = Release|Any CPU
		{7938CF54-B8F3-4C1C-A88E-F7FDDD533BF9}.Release|iPhone.Build.0 = Release|Any CPU
		{7938CF54-B8F3-4C1C-A88E-F7FDDD533BF9}.Release|iPhoneSimulator.ActiveCfg = Release|Any CPU
		{7938CF54-B8F3-4C1C-A88E-F7FDDD533BF9}.Release|iPhoneSimulator.Build.0 = Release|Any CPU
		{7938CF54-B8F3-4C1C-A88E-F7FDDD533BF9}.Release|x64.ActiveCfg = Release|Any CPU
		{7938CF54-B8F3-4C1C-A88E-F7FDDD533BF9}.Release|x64.Build.0 = Release|Any CPU
		{7938CF54-B8F3-4C1C-A88E-F7FDDD533BF9}.Release|x86.ActiveCfg = Release|Any CPU
		{7938CF54-B8F3-4C1C-A88E-F7FDDD533BF9}.Release|x86.Build.0 = Release|Any CPU
		{095F2308-FEF5-4E0D-981F-FA7E8920624C}.Ad-Hoc|Any CPU.ActiveCfg = Debug|Any CPU
		{095F2308-FEF5-4E0D-981F-FA7E8920624C}.Ad-Hoc|Any CPU.Build.0 = Debug|Any CPU
		{095F2308-FEF5-4E0D-981F-FA7E8920624C}.Ad-Hoc|Any CPU.Deploy.0 = Debug|Any CPU
		{095F2308-FEF5-4E0D-981F-FA7E8920624C}.Ad-Hoc|ARM.ActiveCfg = Release|Any CPU
		{095F2308-FEF5-4E0D-981F-FA7E8920624C}.Ad-Hoc|ARM.Build.0 = Release|Any CPU
		{095F2308-FEF5-4E0D-981F-FA7E8920624C}.Ad-Hoc|ARM.Deploy.0 = Release|Any CPU
		{095F2308-FEF5-4E0D-981F-FA7E8920624C}.Ad-Hoc|ARM64.ActiveCfg = Release|Any CPU
		{095F2308-FEF5-4E0D-981F-FA7E8920624C}.Ad-Hoc|ARM64.Build.0 = Release|Any CPU
		{095F2308-FEF5-4E0D-981F-FA7E8920624C}.Ad-Hoc|ARM64.Deploy.0 = Release|Any CPU
		{095F2308-FEF5-4E0D-981F-FA7E8920624C}.Ad-Hoc|iPhone.ActiveCfg = Debug|Any CPU
		{095F2308-FEF5-4E0D-981F-FA7E8920624C}.Ad-Hoc|iPhone.Build.0 = Debug|Any CPU
		{095F2308-FEF5-4E0D-981F-FA7E8920624C}.Ad-Hoc|iPhone.Deploy.0 = Debug|Any CPU
		{095F2308-FEF5-4E0D-981F-FA7E8920624C}.Ad-Hoc|iPhoneSimulator.ActiveCfg = Debug|Any CPU
		{095F2308-FEF5-4E0D-981F-FA7E8920624C}.Ad-Hoc|iPhoneSimulator.Build.0 = Debug|Any CPU
		{095F2308-FEF5-4E0D-981F-FA7E8920624C}.Ad-Hoc|iPhoneSimulator.Deploy.0 = Debug|Any CPU
		{095F2308-FEF5-4E0D-981F-FA7E8920624C}.Ad-Hoc|x64.ActiveCfg = Release|Any CPU
		{095F2308-FEF5-4E0D-981F-FA7E8920624C}.Ad-Hoc|x64.Build.0 = Release|Any CPU
		{095F2308-FEF5-4E0D-981F-FA7E8920624C}.Ad-Hoc|x64.Deploy.0 = Release|Any CPU
		{095F2308-FEF5-4E0D-981F-FA7E8920624C}.Ad-Hoc|x86.ActiveCfg = Release|Any CPU
		{095F2308-FEF5-4E0D-981F-FA7E8920624C}.Ad-Hoc|x86.Build.0 = Release|Any CPU
		{095F2308-FEF5-4E0D-981F-FA7E8920624C}.Ad-Hoc|x86.Deploy.0 = Release|Any CPU
		{095F2308-FEF5-4E0D-981F-FA7E8920624C}.AppStore|Any CPU.ActiveCfg = Debug|Any CPU
		{095F2308-FEF5-4E0D-981F-FA7E8920624C}.AppStore|Any CPU.Build.0 = Debug|Any CPU
		{095F2308-FEF5-4E0D-981F-FA7E8920624C}.AppStore|Any CPU.Deploy.0 = Debug|Any CPU
		{095F2308-FEF5-4E0D-981F-FA7E8920624C}.AppStore|ARM.ActiveCfg = Release|Any CPU
		{095F2308-FEF5-4E0D-981F-FA7E8920624C}.AppStore|ARM.Build.0 = Release|Any CPU
		{095F2308-FEF5-4E0D-981F-FA7E8920624C}.AppStore|ARM.Deploy.0 = Release|Any CPU
		{095F2308-FEF5-4E0D-981F-FA7E8920624C}.AppStore|ARM64.ActiveCfg = Release|Any CPU
		{095F2308-FEF5-4E0D-981F-FA7E8920624C}.AppStore|ARM64.Build.0 = Release|Any CPU
		{095F2308-FEF5-4E0D-981F-FA7E8920624C}.AppStore|ARM64.Deploy.0 = Release|Any CPU
		{095F2308-FEF5-4E0D-981F-FA7E8920624C}.AppStore|iPhone.ActiveCfg = Debug|Any CPU
		{095F2308-FEF5-4E0D-981F-FA7E8920624C}.AppStore|iPhone.Build.0 = Debug|Any CPU
		{095F2308-FEF5-4E0D-981F-FA7E8920624C}.AppStore|iPhone.Deploy.0 = Debug|Any CPU
		{095F2308-FEF5-4E0D-981F-FA7E8920624C}.AppStore|iPhoneSimulator.ActiveCfg = Debug|Any CPU
		{095F2308-FEF5-4E0D-981F-FA7E8920624C}.AppStore|iPhoneSimulator.Build.0 = Debug|Any CPU
		{095F2308-FEF5-4E0D-981F-FA7E8920624C}.AppStore|iPhoneSimulator.Deploy.0 = Debug|Any CPU
		{095F2308-FEF5-4E0D-981F-FA7E8920624C}.AppStore|x64.ActiveCfg = Release|Any CPU
		{095F2308-FEF5-4E0D-981F-FA7E8920624C}.AppStore|x64.Build.0 = Release|Any CPU
		{095F2308-FEF5-4E0D-981F-FA7E8920624C}.AppStore|x64.Deploy.0 = Release|Any CPU
		{095F2308-FEF5-4E0D-981F-FA7E8920624C}.AppStore|x86.ActiveCfg = Release|Any CPU
		{095F2308-FEF5-4E0D-981F-FA7E8920624C}.AppStore|x86.Build.0 = Release|Any CPU
		{095F2308-FEF5-4E0D-981F-FA7E8920624C}.AppStore|x86.Deploy.0 = Release|Any CPU
		{095F2308-FEF5-4E0D-981F-FA7E8920624C}.Debug|Any CPU.ActiveCfg = Debug|Any CPU
		{095F2308-FEF5-4E0D-981F-FA7E8920624C}.Debug|Any CPU.Build.0 = Debug|Any CPU
		{095F2308-FEF5-4E0D-981F-FA7E8920624C}.Debug|Any CPU.Deploy.0 = Debug|Any CPU
		{095F2308-FEF5-4E0D-981F-FA7E8920624C}.Debug|ARM.ActiveCfg = Debug|Any CPU
		{095F2308-FEF5-4E0D-981F-FA7E8920624C}.Debug|ARM.Build.0 = Debug|Any CPU
		{095F2308-FEF5-4E0D-981F-FA7E8920624C}.Debug|ARM.Deploy.0 = Debug|Any CPU
		{095F2308-FEF5-4E0D-981F-FA7E8920624C}.Debug|ARM64.ActiveCfg = Debug|Any CPU
		{095F2308-FEF5-4E0D-981F-FA7E8920624C}.Debug|ARM64.Build.0 = Debug|Any CPU
		{095F2308-FEF5-4E0D-981F-FA7E8920624C}.Debug|ARM64.Deploy.0 = Debug|Any CPU
		{095F2308-FEF5-4E0D-981F-FA7E8920624C}.Debug|iPhone.ActiveCfg = Debug|Any CPU
		{095F2308-FEF5-4E0D-981F-FA7E8920624C}.Debug|iPhone.Build.0 = Debug|Any CPU
		{095F2308-FEF5-4E0D-981F-FA7E8920624C}.Debug|iPhone.Deploy.0 = Debug|Any CPU
		{095F2308-FEF5-4E0D-981F-FA7E8920624C}.Debug|iPhoneSimulator.ActiveCfg = Debug|Any CPU
		{095F2308-FEF5-4E0D-981F-FA7E8920624C}.Debug|iPhoneSimulator.Build.0 = Debug|Any CPU
		{095F2308-FEF5-4E0D-981F-FA7E8920624C}.Debug|iPhoneSimulator.Deploy.0 = Debug|Any CPU
		{095F2308-FEF5-4E0D-981F-FA7E8920624C}.Debug|x64.ActiveCfg = Debug|Any CPU
		{095F2308-FEF5-4E0D-981F-FA7E8920624C}.Debug|x64.Build.0 = Debug|Any CPU
		{095F2308-FEF5-4E0D-981F-FA7E8920624C}.Debug|x64.Deploy.0 = Debug|Any CPU
		{095F2308-FEF5-4E0D-981F-FA7E8920624C}.Debug|x86.ActiveCfg = Debug|Any CPU
		{095F2308-FEF5-4E0D-981F-FA7E8920624C}.Debug|x86.Build.0 = Debug|Any CPU
		{095F2308-FEF5-4E0D-981F-FA7E8920624C}.Debug|x86.Deploy.0 = Debug|Any CPU
		{095F2308-FEF5-4E0D-981F-FA7E8920624C}.Release|Any CPU.ActiveCfg = Release|Any CPU
		{095F2308-FEF5-4E0D-981F-FA7E8920624C}.Release|Any CPU.Build.0 = Release|Any CPU
		{095F2308-FEF5-4E0D-981F-FA7E8920624C}.Release|Any CPU.Deploy.0 = Release|Any CPU
		{095F2308-FEF5-4E0D-981F-FA7E8920624C}.Release|ARM.ActiveCfg = Release|Any CPU
		{095F2308-FEF5-4E0D-981F-FA7E8920624C}.Release|ARM.Build.0 = Release|Any CPU
		{095F2308-FEF5-4E0D-981F-FA7E8920624C}.Release|ARM.Deploy.0 = Release|Any CPU
		{095F2308-FEF5-4E0D-981F-FA7E8920624C}.Release|ARM64.ActiveCfg = Release|Any CPU
		{095F2308-FEF5-4E0D-981F-FA7E8920624C}.Release|ARM64.Build.0 = Release|Any CPU
		{095F2308-FEF5-4E0D-981F-FA7E8920624C}.Release|ARM64.Deploy.0 = Release|Any CPU
		{095F2308-FEF5-4E0D-981F-FA7E8920624C}.Release|iPhone.ActiveCfg = Release|Any CPU
		{095F2308-FEF5-4E0D-981F-FA7E8920624C}.Release|iPhone.Build.0 = Release|Any CPU
		{095F2308-FEF5-4E0D-981F-FA7E8920624C}.Release|iPhone.Deploy.0 = Release|Any CPU
		{095F2308-FEF5-4E0D-981F-FA7E8920624C}.Release|iPhoneSimulator.ActiveCfg = Release|Any CPU
		{095F2308-FEF5-4E0D-981F-FA7E8920624C}.Release|iPhoneSimulator.Build.0 = Release|Any CPU
		{095F2308-FEF5-4E0D-981F-FA7E8920624C}.Release|iPhoneSimulator.Deploy.0 = Release|Any CPU
		{095F2308-FEF5-4E0D-981F-FA7E8920624C}.Release|x64.ActiveCfg = Release|Any CPU
		{095F2308-FEF5-4E0D-981F-FA7E8920624C}.Release|x64.Build.0 = Release|Any CPU
		{095F2308-FEF5-4E0D-981F-FA7E8920624C}.Release|x64.Deploy.0 = Release|Any CPU
		{095F2308-FEF5-4E0D-981F-FA7E8920624C}.Release|x86.ActiveCfg = Release|Any CPU
		{095F2308-FEF5-4E0D-981F-FA7E8920624C}.Release|x86.Build.0 = Release|Any CPU
		{095F2308-FEF5-4E0D-981F-FA7E8920624C}.Release|x86.Deploy.0 = Release|Any CPU
		{A514BB00-A16C-4C2A-822A-2827D5769DF1}.Ad-Hoc|Any CPU.ActiveCfg = Ad-Hoc|iPhoneSimulator
		{A514BB00-A16C-4C2A-822A-2827D5769DF1}.Ad-Hoc|ARM.ActiveCfg = Ad-Hoc|iPhone
		{A514BB00-A16C-4C2A-822A-2827D5769DF1}.Ad-Hoc|ARM64.ActiveCfg = Ad-Hoc|iPhone
		{A514BB00-A16C-4C2A-822A-2827D5769DF1}.Ad-Hoc|iPhone.ActiveCfg = Ad-Hoc|iPhone
		{A514BB00-A16C-4C2A-822A-2827D5769DF1}.Ad-Hoc|iPhone.Build.0 = Ad-Hoc|iPhone
		{A514BB00-A16C-4C2A-822A-2827D5769DF1}.Ad-Hoc|iPhoneSimulator.ActiveCfg = Ad-Hoc|iPhoneSimulator
		{A514BB00-A16C-4C2A-822A-2827D5769DF1}.Ad-Hoc|iPhoneSimulator.Build.0 = Ad-Hoc|iPhoneSimulator
		{A514BB00-A16C-4C2A-822A-2827D5769DF1}.Ad-Hoc|x64.ActiveCfg = Ad-Hoc|iPhone
		{A514BB00-A16C-4C2A-822A-2827D5769DF1}.Ad-Hoc|x86.ActiveCfg = Ad-Hoc|iPhone
		{A514BB00-A16C-4C2A-822A-2827D5769DF1}.AppStore|Any CPU.ActiveCfg = AppStore|iPhoneSimulator
		{A514BB00-A16C-4C2A-822A-2827D5769DF1}.AppStore|ARM.ActiveCfg = AppStore|iPhone
		{A514BB00-A16C-4C2A-822A-2827D5769DF1}.AppStore|ARM64.ActiveCfg = AppStore|iPhone
		{A514BB00-A16C-4C2A-822A-2827D5769DF1}.AppStore|iPhone.ActiveCfg = AppStore|iPhone
		{A514BB00-A16C-4C2A-822A-2827D5769DF1}.AppStore|iPhone.Build.0 = AppStore|iPhone
		{A514BB00-A16C-4C2A-822A-2827D5769DF1}.AppStore|iPhoneSimulator.ActiveCfg = AppStore|iPhoneSimulator
		{A514BB00-A16C-4C2A-822A-2827D5769DF1}.AppStore|iPhoneSimulator.Build.0 = AppStore|iPhoneSimulator
		{A514BB00-A16C-4C2A-822A-2827D5769DF1}.AppStore|x64.ActiveCfg = AppStore|iPhone
		{A514BB00-A16C-4C2A-822A-2827D5769DF1}.AppStore|x86.ActiveCfg = AppStore|iPhone
		{A514BB00-A16C-4C2A-822A-2827D5769DF1}.Debug|Any CPU.ActiveCfg = Debug|iPhoneSimulator
		{A514BB00-A16C-4C2A-822A-2827D5769DF1}.Debug|ARM.ActiveCfg = Debug|iPhone
		{A514BB00-A16C-4C2A-822A-2827D5769DF1}.Debug|ARM64.ActiveCfg = Debug|iPhone
		{A514BB00-A16C-4C2A-822A-2827D5769DF1}.Debug|iPhone.ActiveCfg = Debug|iPhone
		{A514BB00-A16C-4C2A-822A-2827D5769DF1}.Debug|iPhone.Build.0 = Debug|iPhone
		{A514BB00-A16C-4C2A-822A-2827D5769DF1}.Debug|iPhoneSimulator.ActiveCfg = Debug|iPhoneSimulator
		{A514BB00-A16C-4C2A-822A-2827D5769DF1}.Debug|iPhoneSimulator.Build.0 = Debug|iPhoneSimulator
		{A514BB00-A16C-4C2A-822A-2827D5769DF1}.Debug|x64.ActiveCfg = Debug|iPhone
		{A514BB00-A16C-4C2A-822A-2827D5769DF1}.Debug|x86.ActiveCfg = Debug|iPhone
		{A514BB00-A16C-4C2A-822A-2827D5769DF1}.Release|Any CPU.ActiveCfg = Release|iPhoneSimulator
		{A514BB00-A16C-4C2A-822A-2827D5769DF1}.Release|ARM.ActiveCfg = Release|iPhone
		{A514BB00-A16C-4C2A-822A-2827D5769DF1}.Release|ARM64.ActiveCfg = Release|iPhone
		{A514BB00-A16C-4C2A-822A-2827D5769DF1}.Release|iPhone.ActiveCfg = Release|iPhone
		{A514BB00-A16C-4C2A-822A-2827D5769DF1}.Release|iPhone.Build.0 = Release|iPhone
		{A514BB00-A16C-4C2A-822A-2827D5769DF1}.Release|iPhoneSimulator.ActiveCfg = Release|iPhoneSimulator
		{A514BB00-A16C-4C2A-822A-2827D5769DF1}.Release|iPhoneSimulator.Build.0 = Release|iPhoneSimulator
		{A514BB00-A16C-4C2A-822A-2827D5769DF1}.Release|x64.ActiveCfg = Release|iPhone
		{A514BB00-A16C-4C2A-822A-2827D5769DF1}.Release|x86.ActiveCfg = Release|iPhone
		{C44A8B5A-C30F-43E7-B9E7-D1A8CDB7321B}.Ad-Hoc|Any CPU.ActiveCfg = Debug|x86
		{C44A8B5A-C30F-43E7-B9E7-D1A8CDB7321B}.Ad-Hoc|Any CPU.Build.0 = Debug|x86
		{C44A8B5A-C30F-43E7-B9E7-D1A8CDB7321B}.Ad-Hoc|Any CPU.Deploy.0 = Debug|x86
		{C44A8B5A-C30F-43E7-B9E7-D1A8CDB7321B}.Ad-Hoc|ARM.ActiveCfg = Debug|ARM
		{C44A8B5A-C30F-43E7-B9E7-D1A8CDB7321B}.Ad-Hoc|ARM.Build.0 = Debug|ARM
		{C44A8B5A-C30F-43E7-B9E7-D1A8CDB7321B}.Ad-Hoc|ARM.Deploy.0 = Debug|ARM
		{C44A8B5A-C30F-43E7-B9E7-D1A8CDB7321B}.Ad-Hoc|ARM64.ActiveCfg = Debug|ARM64
		{C44A8B5A-C30F-43E7-B9E7-D1A8CDB7321B}.Ad-Hoc|ARM64.Build.0 = Debug|ARM64
		{C44A8B5A-C30F-43E7-B9E7-D1A8CDB7321B}.Ad-Hoc|ARM64.Deploy.0 = Debug|ARM64
		{C44A8B5A-C30F-43E7-B9E7-D1A8CDB7321B}.Ad-Hoc|iPhone.ActiveCfg = Debug|x86
		{C44A8B5A-C30F-43E7-B9E7-D1A8CDB7321B}.Ad-Hoc|iPhone.Build.0 = Debug|x86
		{C44A8B5A-C30F-43E7-B9E7-D1A8CDB7321B}.Ad-Hoc|iPhone.Deploy.0 = Debug|x86
		{C44A8B5A-C30F-43E7-B9E7-D1A8CDB7321B}.Ad-Hoc|iPhoneSimulator.ActiveCfg = Debug|x86
		{C44A8B5A-C30F-43E7-B9E7-D1A8CDB7321B}.Ad-Hoc|iPhoneSimulator.Build.0 = Debug|x86
		{C44A8B5A-C30F-43E7-B9E7-D1A8CDB7321B}.Ad-Hoc|iPhoneSimulator.Deploy.0 = Debug|x86
		{C44A8B5A-C30F-43E7-B9E7-D1A8CDB7321B}.Ad-Hoc|x64.ActiveCfg = Debug|x64
		{C44A8B5A-C30F-43E7-B9E7-D1A8CDB7321B}.Ad-Hoc|x64.Build.0 = Debug|x64
		{C44A8B5A-C30F-43E7-B9E7-D1A8CDB7321B}.Ad-Hoc|x64.Deploy.0 = Debug|x64
		{C44A8B5A-C30F-43E7-B9E7-D1A8CDB7321B}.Ad-Hoc|x86.ActiveCfg = Debug|x86
		{C44A8B5A-C30F-43E7-B9E7-D1A8CDB7321B}.Ad-Hoc|x86.Build.0 = Debug|x86
		{C44A8B5A-C30F-43E7-B9E7-D1A8CDB7321B}.Ad-Hoc|x86.Deploy.0 = Debug|x86
		{C44A8B5A-C30F-43E7-B9E7-D1A8CDB7321B}.AppStore|Any CPU.ActiveCfg = Debug|x86
		{C44A8B5A-C30F-43E7-B9E7-D1A8CDB7321B}.AppStore|Any CPU.Build.0 = Debug|x86
		{C44A8B5A-C30F-43E7-B9E7-D1A8CDB7321B}.AppStore|Any CPU.Deploy.0 = Debug|x86
		{C44A8B5A-C30F-43E7-B9E7-D1A8CDB7321B}.AppStore|ARM.ActiveCfg = Debug|ARM
		{C44A8B5A-C30F-43E7-B9E7-D1A8CDB7321B}.AppStore|ARM.Build.0 = Debug|ARM
		{C44A8B5A-C30F-43E7-B9E7-D1A8CDB7321B}.AppStore|ARM.Deploy.0 = Debug|ARM
		{C44A8B5A-C30F-43E7-B9E7-D1A8CDB7321B}.AppStore|ARM64.ActiveCfg = Debug|ARM64
		{C44A8B5A-C30F-43E7-B9E7-D1A8CDB7321B}.AppStore|ARM64.Build.0 = Debug|ARM64
		{C44A8B5A-C30F-43E7-B9E7-D1A8CDB7321B}.AppStore|ARM64.Deploy.0 = Debug|ARM64
		{C44A8B5A-C30F-43E7-B9E7-D1A8CDB7321B}.AppStore|iPhone.ActiveCfg = Debug|x86
		{C44A8B5A-C30F-43E7-B9E7-D1A8CDB7321B}.AppStore|iPhone.Build.0 = Debug|x86
		{C44A8B5A-C30F-43E7-B9E7-D1A8CDB7321B}.AppStore|iPhone.Deploy.0 = Debug|x86
		{C44A8B5A-C30F-43E7-B9E7-D1A8CDB7321B}.AppStore|iPhoneSimulator.ActiveCfg = Debug|x86
		{C44A8B5A-C30F-43E7-B9E7-D1A8CDB7321B}.AppStore|iPhoneSimulator.Build.0 = Debug|x86
		{C44A8B5A-C30F-43E7-B9E7-D1A8CDB7321B}.AppStore|iPhoneSimulator.Deploy.0 = Debug|x86
		{C44A8B5A-C30F-43E7-B9E7-D1A8CDB7321B}.AppStore|x64.ActiveCfg = Debug|x64
		{C44A8B5A-C30F-43E7-B9E7-D1A8CDB7321B}.AppStore|x64.Build.0 = Debug|x64
		{C44A8B5A-C30F-43E7-B9E7-D1A8CDB7321B}.AppStore|x64.Deploy.0 = Debug|x64
		{C44A8B5A-C30F-43E7-B9E7-D1A8CDB7321B}.AppStore|x86.ActiveCfg = Debug|x86
		{C44A8B5A-C30F-43E7-B9E7-D1A8CDB7321B}.AppStore|x86.Build.0 = Debug|x86
		{C44A8B5A-C30F-43E7-B9E7-D1A8CDB7321B}.AppStore|x86.Deploy.0 = Debug|x86
		{C44A8B5A-C30F-43E7-B9E7-D1A8CDB7321B}.Debug|Any CPU.ActiveCfg = Debug|x86
		{C44A8B5A-C30F-43E7-B9E7-D1A8CDB7321B}.Debug|Any CPU.Build.0 = Debug|x86
		{C44A8B5A-C30F-43E7-B9E7-D1A8CDB7321B}.Debug|Any CPU.Deploy.0 = Debug|x86
		{C44A8B5A-C30F-43E7-B9E7-D1A8CDB7321B}.Debug|ARM.ActiveCfg = Debug|ARM
		{C44A8B5A-C30F-43E7-B9E7-D1A8CDB7321B}.Debug|ARM.Build.0 = Debug|ARM
		{C44A8B5A-C30F-43E7-B9E7-D1A8CDB7321B}.Debug|ARM.Deploy.0 = Debug|ARM
		{C44A8B5A-C30F-43E7-B9E7-D1A8CDB7321B}.Debug|ARM64.ActiveCfg = Debug|ARM64
		{C44A8B5A-C30F-43E7-B9E7-D1A8CDB7321B}.Debug|ARM64.Build.0 = Debug|ARM64
		{C44A8B5A-C30F-43E7-B9E7-D1A8CDB7321B}.Debug|ARM64.Deploy.0 = Debug|ARM64
		{C44A8B5A-C30F-43E7-B9E7-D1A8CDB7321B}.Debug|iPhone.ActiveCfg = Debug|x86
		{C44A8B5A-C30F-43E7-B9E7-D1A8CDB7321B}.Debug|iPhoneSimulator.ActiveCfg = Debug|x86
		{C44A8B5A-C30F-43E7-B9E7-D1A8CDB7321B}.Debug|x64.ActiveCfg = Debug|x64
		{C44A8B5A-C30F-43E7-B9E7-D1A8CDB7321B}.Debug|x64.Build.0 = Debug|x64
		{C44A8B5A-C30F-43E7-B9E7-D1A8CDB7321B}.Debug|x64.Deploy.0 = Debug|x64
		{C44A8B5A-C30F-43E7-B9E7-D1A8CDB7321B}.Debug|x86.ActiveCfg = Debug|x86
		{C44A8B5A-C30F-43E7-B9E7-D1A8CDB7321B}.Debug|x86.Build.0 = Debug|x86
		{C44A8B5A-C30F-43E7-B9E7-D1A8CDB7321B}.Debug|x86.Deploy.0 = Debug|x86
		{C44A8B5A-C30F-43E7-B9E7-D1A8CDB7321B}.Release|Any CPU.ActiveCfg = Release|x86
		{C44A8B5A-C30F-43E7-B9E7-D1A8CDB7321B}.Release|ARM.ActiveCfg = Release|ARM
		{C44A8B5A-C30F-43E7-B9E7-D1A8CDB7321B}.Release|ARM.Build.0 = Release|ARM
		{C44A8B5A-C30F-43E7-B9E7-D1A8CDB7321B}.Release|ARM.Deploy.0 = Release|ARM
		{C44A8B5A-C30F-43E7-B9E7-D1A8CDB7321B}.Release|ARM64.ActiveCfg = Release|ARM64
		{C44A8B5A-C30F-43E7-B9E7-D1A8CDB7321B}.Release|ARM64.Build.0 = Release|ARM64
		{C44A8B5A-C30F-43E7-B9E7-D1A8CDB7321B}.Release|ARM64.Deploy.0 = Release|ARM64
		{C44A8B5A-C30F-43E7-B9E7-D1A8CDB7321B}.Release|iPhone.ActiveCfg = Release|x86
		{C44A8B5A-C30F-43E7-B9E7-D1A8CDB7321B}.Release|iPhoneSimulator.ActiveCfg = Release|x86
		{C44A8B5A-C30F-43E7-B9E7-D1A8CDB7321B}.Release|x64.ActiveCfg = Release|x64
		{C44A8B5A-C30F-43E7-B9E7-D1A8CDB7321B}.Release|x64.Build.0 = Release|x64
		{C44A8B5A-C30F-43E7-B9E7-D1A8CDB7321B}.Release|x64.Deploy.0 = Release|x64
		{C44A8B5A-C30F-43E7-B9E7-D1A8CDB7321B}.Release|x86.ActiveCfg = Release|x86
		{C44A8B5A-C30F-43E7-B9E7-D1A8CDB7321B}.Release|x86.Build.0 = Release|x86
		{C44A8B5A-C30F-43E7-B9E7-D1A8CDB7321B}.Release|x86.Deploy.0 = Release|x86
	EndGlobalSection
	GlobalSection(SolutionProperties) = preSolution
		HideSolutionNode = FALSE
	EndGlobalSection
	GlobalSection(NestedProjects) = preSolution
		{7938CF54-B8F3-4C1C-A88E-F7FDDD533BF9} = {D8704D36-C117-498E-83B7-C3D3039C3A17}
		{095F2308-FEF5-4E0D-981F-FA7E8920624C} = {D8704D36-C117-498E-83B7-C3D3039C3A17}
		{A514BB00-A16C-4C2A-822A-2827D5769DF1} = {D8704D36-C117-498E-83B7-C3D3039C3A17}
		{C44A8B5A-C30F-43E7-B9E7-D1A8CDB7321B} = {D8704D36-C117-498E-83B7-C3D3039C3A17}
	EndGlobalSection
	GlobalSection(ExtensibilityGlobals) = postSolution
		SolutionGuid = {F9E7C708-94ED-4720-9FD3-1958AF9D46CA}
	EndGlobalSection
EndGlobal
