
Microsoft Visual Studio Solution File, Format Version 12.00
# Visual Studio Version 16
VisualStudioVersion = 16.0.30621.155
MinimumVisualStudioVersion = 10.0.40219.1
Project("{FAE04EC0-301F-11D3-BF4B-00C04F79EFBC}") = "Playground", "Playground\Playground\Playground.csproj", "{7938CF54-B8F3-4C1C-A88E-F7FDDD533BF9}"
EndProject
Project("{FAE04EC0-301F-11D3-BF4B-00C04F79EFBC}") = "Playground.Android", "Playground\Playground.Android\Playground.Android.csproj", "{095F2308-FEF5-4E0D-981F-FA7E8920624C}"
EndProject
Project("{FAE04EC0-301F-11D3-BF4B-00C04F79EFBC}") = "Playground.iOS", "Playground\Playground.iOS\Playground.iOS.csproj", "{A514BB00-A16C-4C2A-822A-2827D5769DF1}"
EndProject
Project("{2150E333-8FDC-42A3-9474-1A3956D46DE8}") = "Items", "Items", "{B50DAA12-8D69-441A-8AA4-F098B9977587}"
	ProjectSection(SolutionItems) = preProject
		NuGet.config = NuGet.config
	EndProjectSection
EndProject
Global
	GlobalSection(SolutionConfigurationPlatforms) = preSolution
		Ad-Hoc|Any CPU = Ad-Hoc|Any CPU
		Ad-Hoc|iPhone = Ad-Hoc|iPhone
		Ad-Hoc|iPhoneSimulator = Ad-Hoc|iPhoneSimulator
		AppStore|Any CPU = AppStore|Any CPU
		AppStore|iPhone = AppStore|iPhone
		AppStore|iPhoneSimulator = AppStore|iPhoneSimulator
		Debug|Any CPU = Debug|Any CPU
		Debug|iPhone = Debug|iPhone
		Debug|iPhoneSimulator = Debug|iPhoneSimulator
		Release|Any CPU = Release|Any CPU
		Release|iPhone = Release|iPhone
		Release|iPhoneSimulator = Release|iPhoneSimulator
	EndGlobalSection
	GlobalSection(ProjectConfigurationPlatforms) = postSolution
		{7938CF54-B8F3-4C1C-A88E-F7FDDD533BF9}.Ad-Hoc|Any CPU.ActiveCfg = Release|Any CPU
		{7938CF54-B8F3-4C1C-A88E-F7FDDD533BF9}.Ad-Hoc|Any CPU.Build.0 = Release|Any CPU
		{7938CF54-B8F3-4C1C-A88E-F7FDDD533BF9}.Ad-Hoc|iPhone.ActiveCfg = Release|Any CPU
		{7938CF54-B8F3-4C1C-A88E-F7FDDD533BF9}.Ad-Hoc|iPhone.Build.0 = Release|Any CPU
		{7938CF54-B8F3-4C1C-A88E-F7FDDD533BF9}.Ad-Hoc|iPhoneSimulator.ActiveCfg = Release|Any CPU
		{7938CF54-B8F3-4C1C-A88E-F7FDDD533BF9}.Ad-Hoc|iPhoneSimulator.Build.0 = Release|Any CPU
		{7938CF54-B8F3-4C1C-A88E-F7FDDD533BF9}.AppStore|Any CPU.ActiveCfg = Release|Any CPU
		{7938CF54-B8F3-4C1C-A88E-F7FDDD533BF9}.AppStore|Any CPU.Build.0 = Release|Any CPU
		{7938CF54-B8F3-4C1C-A88E-F7FDDD533BF9}.AppStore|iPhone.ActiveCfg = Release|Any CPU
		{7938CF54-B8F3-4C1C-A88E-F7FDDD533BF9}.AppStore|iPhone.Build.0 = Release|Any CPU
		{7938CF54-B8F3-4C1C-A88E-F7FDDD533BF9}.AppStore|iPhoneSimulator.ActiveCfg = Release|Any CPU
		{7938CF54-B8F3-4C1C-A88E-F7FDDD533BF9}.AppStore|iPhoneSimulator.Build.0 = Release|Any CPU
		{7938CF54-B8F3-4C1C-A88E-F7FDDD533BF9}.Debug|Any CPU.ActiveCfg = Debug|Any CPU
		{7938CF54-B8F3-4C1C-A88E-F7FDDD533BF9}.Debug|Any CPU.Build.0 = Debug|Any CPU
		{7938CF54-B8F3-4C1C-A88E-F7FDDD533BF9}.Debug|iPhone.ActiveCfg = Debug|Any CPU
		{7938CF54-B8F3-4C1C-A88E-F7FDDD533BF9}.Debug|iPhone.Build.0 = Debug|Any CPU
		{7938CF54-B8F3-4C1C-A88E-F7FDDD533BF9}.Debug|iPhoneSimulator.ActiveCfg = Debug|Any CPU
		{7938CF54-B8F3-4C1C-A88E-F7FDDD533BF9}.Debug|iPhoneSimulator.Build.0 = Debug|Any CPU
		{7938CF54-B8F3-4C1C-A88E-F7FDDD533BF9}.Release|Any CPU.ActiveCfg = Release|Any CPU
		{7938CF54-B8F3-4C1C-A88E-F7FDDD533BF9}.Release|Any CPU.Build.0 = Release|Any CPU
		{7938CF54-B8F3-4C1C-A88E-F7FDDD533BF9}.Release|iPhone.ActiveCfg = Release|Any CPU
		{7938CF54-B8F3-4C1C-A88E-F7FDDD533BF9}.Release|iPhone.Build.0 = Release|Any CPU
		{7938CF54-B8F3-4C1C-A88E-F7FDDD533BF9}.Release|iPhoneSimulator.ActiveCfg = Release|Any CPU
		{7938CF54-B8F3-4C1C-A88E-F7FDDD533BF9}.Release|iPhoneSimulator.Build.0 = Release|Any CPU
		{095F2308-FEF5-4E0D-981F-FA7E8920624C}.Ad-Hoc|Any CPU.ActiveCfg = Debug|Any CPU
		{095F2308-FEF5-4E0D-981F-FA7E8920624C}.Ad-Hoc|Any CPU.Build.0 = Debug|Any CPU
		{095F2308-FEF5-4E0D-981F-FA7E8920624C}.Ad-Hoc|Any CPU.Deploy.0 = Debug|Any CPU
		{095F2308-FEF5-4E0D-981F-FA7E8920624C}.Ad-Hoc|iPhone.ActiveCfg = Debug|Any CPU
		{095F2308-FEF5-4E0D-981F-FA7E8920624C}.Ad-Hoc|iPhone.Build.0 = Debug|Any CPU
		{095F2308-FEF5-4E0D-981F-FA7E8920624C}.Ad-Hoc|iPhone.Deploy.0 = Debug|Any CPU
		{095F2308-FEF5-4E0D-981F-FA7E8920624C}.Ad-Hoc|iPhoneSimulator.ActiveCfg = Debug|Any CPU
		{095F2308-FEF5-4E0D-981F-FA7E8920624C}.Ad-Hoc|iPhoneSimulator.Build.0 = Debug|Any CPU
		{095F2308-FEF5-4E0D-981F-FA7E8920624C}.Ad-Hoc|iPhoneSimulator.Deploy.0 = Debug|Any CPU
		{095F2308-FEF5-4E0D-981F-FA7E8920624C}.AppStore|Any CPU.ActiveCfg = Debug|Any CPU
		{095F2308-FEF5-4E0D-981F-FA7E8920624C}.AppStore|Any CPU.Build.0 = Debug|Any CPU
		{095F2308-FEF5-4E0D-981F-FA7E8920624C}.AppStore|Any CPU.Deploy.0 = Debug|Any CPU
		{095F2308-FEF5-4E0D-981F-FA7E8920624C}.AppStore|iPhone.ActiveCfg = Debug|Any CPU
		{095F2308-FEF5-4E0D-981F-FA7E8920624C}.AppStore|iPhone.Build.0 = Debug|Any CPU
		{095F2308-FEF5-4E0D-981F-FA7E8920624C}.AppStore|iPhone.Deploy.0 = Debug|Any CPU
		{095F2308-FEF5-4E0D-981F-FA7E8920624C}.AppStore|iPhoneSimulator.ActiveCfg = Debug|Any CPU
		{095F2308-FEF5-4E0D-981F-FA7E8920624C}.AppStore|iPhoneSimulator.Build.0 = Debug|Any CPU
		{095F2308-FEF5-4E0D-981F-FA7E8920624C}.AppStore|iPhoneSimulator.Deploy.0 = Debug|Any CPU
		{095F2308-FEF5-4E0D-981F-FA7E8920624C}.Debug|Any CPU.ActiveCfg = Debug|Any CPU
		{095F2308-FEF5-4E0D-981F-FA7E8920624C}.Debug|Any CPU.Build.0 = Debug|Any CPU
		{095F2308-FEF5-4E0D-981F-FA7E8920624C}.Debug|Any CPU.Deploy.0 = Debug|Any CPU
		{095F2308-FEF5-4E0D-981F-FA7E8920624C}.Debug|iPhone.ActiveCfg = Debug|Any CPU
		{095F2308-FEF5-4E0D-981F-FA7E8920624C}.Debug|iPhone.Build.0 = Debug|Any CPU
		{095F2308-FEF5-4E0D-981F-FA7E8920624C}.Debug|iPhone.Deploy.0 = Debug|Any CPU
		{095F2308-FEF5-4E0D-981F-FA7E8920624C}.Debug|iPhoneSimulator.ActiveCfg = Debug|Any CPU
		{095F2308-FEF5-4E0D-981F-FA7E8920624C}.Debug|iPhoneSimulator.Build.0 = Debug|Any CPU
		{095F2308-FEF5-4E0D-981F-FA7E8920624C}.Debug|iPhoneSimulator.Deploy.0 = Debug|Any CPU
		{095F2308-FEF5-4E0D-981F-FA7E8920624C}.Release|Any CPU.ActiveCfg = Release|Any CPU
		{095F2308-FEF5-4E0D-981F-FA7E8920624C}.Release|Any CPU.Build.0 = Release|Any CPU
		{095F2308-FEF5-4E0D-981F-FA7E8920624C}.Release|Any CPU.Deploy.0 = Release|Any CPU
		{095F2308-FEF5-4E0D-981F-FA7E8920624C}.Release|iPhone.ActiveCfg = Release|Any CPU
		{095F2308-FEF5-4E0D-981F-FA7E8920624C}.Release|iPhone.Build.0 = Release|Any CPU
		{095F2308-FEF5-4E0D-981F-FA7E8920624C}.Release|iPhone.Deploy.0 = Release|Any CPU
		{095F2308-FEF5-4E0D-981F-FA7E8920624C}.Release|iPhoneSimulator.ActiveCfg = Release|Any CPU
		{095F2308-FEF5-4E0D-981F-FA7E8920624C}.Release|iPhoneSimulator.Build.0 = Release|Any CPU
		{095F2308-FEF5-4E0D-981F-FA7E8920624C}.Release|iPhoneSimulator.Deploy.0 = Release|Any CPU
		{A514BB00-A16C-4C2A-822A-2827D5769DF1}.Ad-Hoc|Any CPU.ActiveCfg = Ad-Hoc|iPhoneSimulator
		{A514BB00-A16C-4C2A-822A-2827D5769DF1}.Ad-Hoc|iPhone.ActiveCfg = Ad-Hoc|iPhone
		{A514BB00-A16C-4C2A-822A-2827D5769DF1}.Ad-Hoc|iPhone.Build.0 = Ad-Hoc|iPhone
		{A514BB00-A16C-4C2A-822A-2827D5769DF1}.Ad-Hoc|iPhoneSimulator.ActiveCfg = Ad-Hoc|iPhoneSimulator
		{A514BB00-A16C-4C2A-822A-2827D5769DF1}.Ad-Hoc|iPhoneSimulator.Build.0 = Ad-Hoc|iPhoneSimulator
		{A514BB00-A16C-4C2A-822A-2827D5769DF1}.AppStore|Any CPU.ActiveCfg = AppStore|iPhoneSimulator
		{A514BB00-A16C-4C2A-822A-2827D5769DF1}.AppStore|iPhone.ActiveCfg = AppStore|iPhone
		{A514BB00-A16C-4C2A-822A-2827D5769DF1}.AppStore|iPhone.Build.0 = AppStore|iPhone
		{A514BB00-A16C-4C2A-822A-2827D5769DF1}.AppStore|iPhoneSimulator.ActiveCfg = AppStore|iPhoneSimulator
		{A514BB00-A16C-4C2A-822A-2827D5769DF1}.AppStore|iPhoneSimulator.Build.0 = AppStore|iPhoneSimulator
		{A514BB00-A16C-4C2A-822A-2827D5769DF1}.Debug|Any CPU.ActiveCfg = Debug|iPhoneSimulator
		{A514BB00-A16C-4C2A-822A-2827D5769DF1}.Debug|iPhone.ActiveCfg = Debug|iPhone
		{A514BB00-A16C-4C2A-822A-2827D5769DF1}.Debug|iPhone.Build.0 = Debug|iPhone
		{A514BB00-A16C-4C2A-822A-2827D5769DF1}.Debug|iPhoneSimulator.ActiveCfg = Debug|iPhoneSimulator
		{A514BB00-A16C-4C2A-822A-2827D5769DF1}.Debug|iPhoneSimulator.Build.0 = Debug|iPhoneSimulator
		{A514BB00-A16C-4C2A-822A-2827D5769DF1}.Release|Any CPU.ActiveCfg = Release|iPhoneSimulator
		{A514BB00-A16C-4C2A-822A-2827D5769DF1}.Release|iPhone.ActiveCfg = Release|iPhone
		{A514BB00-A16C-4C2A-822A-2827D5769DF1}.Release|iPhone.Build.0 = Release|iPhone
		{A514BB00-A16C-4C2A-822A-2827D5769DF1}.Release|iPhoneSimulator.ActiveCfg = Release|iPhoneSimulator
		{A514BB00-A16C-4C2A-822A-2827D5769DF1}.Release|iPhoneSimulator.Build.0 = Release|iPhoneSimulator
	EndGlobalSection
	GlobalSection(SolutionProperties) = preSolution
		HideSolutionNode = FALSE
	EndGlobalSection
	GlobalSection(ExtensibilityGlobals) = postSolution
		SolutionGuid = {F9E7C708-94ED-4720-9FD3-1958AF9D46CA}
	EndGlobalSection
EndGlobal
